
Microsoft Visual Studio Solution File, Format Version 12.00
# Visual Studio Version 17
VisualStudioVersion = 17.0.31919.166
MinimumVisualStudioVersion = 10.0.40219.1
Project("{FAE04EC0-301F-11D3-BF4B-00C04F79EFBC}") = "GraphSDK", "GraphSDK\GraphSDK.csproj", "{9EC066EA-828E-4E51-AC7D-60BE23F70531}"
EndProject
Global
	GlobalSection(SolutionConfigurationPlatforms) = preSolution
		Debug|Any CPU = Debug|Any CPU
		Release|Any CPU = Release|Any CPU
	EndGlobalSection
	GlobalSection(ProjectConfigurationPlatforms) = postSolution
		{9EC066EA-828E-4E51-AC7D-60BE23F70531}.Debug|Any CPU.ActiveCfg = Debug|Any CPU
		{9EC066EA-828E-4E51-AC7D-60BE23F70531}.Debug|Any CPU.Build.0 = Debug|Any CPU
		{9EC066EA-828E-4E51-AC7D-60BE23F70531}.Release|Any CPU.ActiveCfg = Release|Any CPU
		{9EC066EA-828E-4E51-AC7D-60BE23F70531}.Release|Any CPU.Build.0 = Release|Any CPU
	EndGlobalSection
	GlobalSection(SolutionProperties) = preSolution
		HideSolutionNode = FALSE
	EndGlobalSection
	GlobalSection(ExtensibilityGlobals) = postSolution
		SolutionGuid = {5E975CA3-0C80-4A4B-A691-4E5C08D0B1C3}
	EndGlobalSection
EndGlobal
