
Microsoft Visual Studio Solution File, Format Version 12.00
# Visual Studio Version 16
VisualStudioVersion = 16.0.30907.101
MinimumVisualStudioVersion = 10.0.40219.1
Project("{9A19103F-16F7-4668-BE54-9A1E7A4F7556}") = "AzureFunctionDocumentationAzure", "AzureFunctionDocumentationAzure\AzureFunctionDocumentationAzure.csproj", "{10A3CA65-D4DE-4611-A500-39E429505DF9}"
EndProject
Global
	GlobalSection(SolutionConfigurationPlatforms) = preSolution
		Debug|Any CPU = Debug|Any CPU
		Release|Any CPU = Release|Any CPU
	EndGlobalSection
	GlobalSection(ProjectConfigurationPlatforms) = postSolution
		{10A3CA65-D4DE-4611-A500-39E429505DF9}.Debug|Any CPU.ActiveCfg = Debug|Any CPU
		{10A3CA65-D4DE-4611-A500-39E429505DF9}.Debug|Any CPU.Build.0 = Debug|Any CPU
		{10A3CA65-D4DE-4611-A500-39E429505DF9}.Release|Any CPU.ActiveCfg = Release|Any CPU
		{10A3CA65-D4DE-4611-A500-39E429505DF9}.Release|Any CPU.Build.0 = Release|Any CPU
	EndGlobalSection
	GlobalSection(SolutionProperties) = preSolution
		HideSolutionNode = FALSE
	EndGlobalSection
	GlobalSection(ExtensibilityGlobals) = postSolution
		SolutionGuid = {3F65C03B-6615-45AA-AFB7-67A6FDC33D16}
	EndGlobalSection
EndGlobal
